
Microsoft Visual Studio Solution File, Format Version 12.00
# Visual Studio Express 2013 for Windows Desktop
VisualStudioVersion = 12.0.21005.1
MinimumVisualStudioVersion = 10.0.40219.1
Project("{FAE04EC0-301F-11D3-BF4B-00C04F79EFBC}") = "Server", "Server\Server.csproj", "{78D083B0-6469-4286-B019-48B4A2EBA352}"
EndProject
Project("{FAE04EC0-301F-11D3-BF4B-00C04F79EFBC}") = "ServerData", "ServerData\ServerData.csproj", "{5C164538-EC29-4949-8586-4F8175227227}"
EndProject
Project("{FAE04EC0-301F-11D3-BF4B-00C04F79EFBC}") = "Client", "Client\Client.csproj", "{03B63AA2-9C87-42FE-821F-ADB1FB49FAEB}"
EndProject
Project("{FAE04EC0-301F-11D3-BF4B-00C04F79EFBC}") = "Client_GUI", "Client_GUI\Client_GUI.csproj", "{BD15127B-0D6F-4235-845E-A3CC6F5E502A}"
EndProject
Global
	GlobalSection(SolutionConfigurationPlatforms) = preSolution
		Debug|Any CPU = Debug|Any CPU
		Release|Any CPU = Release|Any CPU
	EndGlobalSection
	GlobalSection(ProjectConfigurationPlatforms) = postSolution
		{78D083B0-6469-4286-B019-48B4A2EBA352}.Debug|Any CPU.ActiveCfg = Debug|Any CPU
		{78D083B0-6469-4286-B019-48B4A2EBA352}.Debug|Any CPU.Build.0 = Debug|Any CPU
		{78D083B0-6469-4286-B019-48B4A2EBA352}.Release|Any CPU.ActiveCfg = Release|Any CPU
		{78D083B0-6469-4286-B019-48B4A2EBA352}.Release|Any CPU.Build.0 = Release|Any CPU
		{5C164538-EC29-4949-8586-4F8175227227}.Debug|Any CPU.ActiveCfg = Debug|Any CPU
		{5C164538-EC29-4949-8586-4F8175227227}.Debug|Any CPU.Build.0 = Debug|Any CPU
		{5C164538-EC29-4949-8586-4F8175227227}.Release|Any CPU.ActiveCfg = Release|Any CPU
		{5C164538-EC29-4949-8586-4F8175227227}.Release|Any CPU.Build.0 = Release|Any CPU
		{03B63AA2-9C87-42FE-821F-ADB1FB49FAEB}.Debug|Any CPU.ActiveCfg = Debug|Any CPU
		{03B63AA2-9C87-42FE-821F-ADB1FB49FAEB}.Debug|Any CPU.Build.0 = Debug|Any CPU
		{03B63AA2-9C87-42FE-821F-ADB1FB49FAEB}.Release|Any CPU.ActiveCfg = Release|Any CPU
		{03B63AA2-9C87-42FE-821F-ADB1FB49FAEB}.Release|Any CPU.Build.0 = Release|Any CPU
		{BD15127B-0D6F-4235-845E-A3CC6F5E502A}.Debug|Any CPU.ActiveCfg = Debug|Any CPU
		{BD15127B-0D6F-4235-845E-A3CC6F5E502A}.Debug|Any CPU.Build.0 = Debug|Any CPU
		{BD15127B-0D6F-4235-845E-A3CC6F5E502A}.Release|Any CPU.ActiveCfg = Release|Any CPU
		{BD15127B-0D6F-4235-845E-A3CC6F5E502A}.Release|Any CPU.Build.0 = Release|Any CPU
	EndGlobalSection
	GlobalSection(SolutionProperties) = preSolution
		HideSolutionNode = FALSE
	EndGlobalSection
EndGlobal
